
Microsoft Visual Studio Solution File, Format Version 12.00
# Visual Studio Version 16
VisualStudioVersion = 16.0.29613.14
MinimumVisualStudioVersion = 10.0.40219.1
Project("{9A19103F-16F7-4668-BE54-9A1E7A4F7556}") = "AnnotationTool", "AnnotationTool\AnnotationTool.csproj", "{BF7E4011-71B3-4BDB-9B7D-B8858A0D7330}"
EndProject
Project("{8BC9CEB8-8B4A-11D0-8D11-00A0C91BC942}") = "AnnotationRecordOperator", "AnnotationRecordOperator\AnnotationRecordOperator.vcxproj", "{55054A5B-4921-4473-B968-8F7790F89028}"
EndProject
Project("{2150E333-8FDC-42A3-9474-1A3956D46DE8}") = "BaseLibs", "BaseLibs", "{7EC75B4A-CB7F-43B9-BA96-4C1885F30290}"
EndProject
Project("{8BC9CEB8-8B4A-11D0-8D11-00A0C91BC942}") = "fmt", "base-libs\vcproj\3rd_party\fmt\fmt.vcxproj", "{0648DA17-FC38-43AC-9C51-99CD61D46B94}"
EndProject
Project("{8BC9CEB8-8B4A-11D0-8D11-00A0C91BC942}") = "BACFTracker", "BACFTracker\BACFTracker.vcxproj", "{D2AFA27B-73B6-486D-9D41-DBCC8AEE22D3}"
EndProject
Project("{8BC9CEB8-8B4A-11D0-8D11-00A0C91BC942}") = "AnnotationTool.NativeInteropServices", "AnnotationTool.NativeInteropServices\AnnotationTool.NativeInteropServices.vcxproj", "{80B3A2D9-08CE-478A-8130-40D7A78E9C26}"
EndProject
Project("{9A19103F-16F7-4668-BE54-9A1E7A4F7556}") = "AnnotationTool.Data", "AnnotationTool.Data\AnnotationTool.Data.csproj", "{4635186D-963A-4406-BC4F-6701E6E79674}"
EndProject
Project("{9A19103F-16F7-4668-BE54-9A1E7A4F7556}") = "AnnotationTool.Data.Model", "AnnotationTool.Data.Model\AnnotationTool.Data.Model.csproj", "{CE12F411-79CC-44B0-878E-14E695BD30B3}"
EndProject
Project("{8BC9CEB8-8B4A-11D0-8D11-00A0C91BC942}") = "logging", "base-libs\vcproj\dynamic\base\logging\logging.vcxproj", "{DD05E230-EB4D-4507-93F7-E3A3BA7E8E7E}"
EndProject
Project("{8BC9CEB8-8B4A-11D0-8D11-00A0C91BC942}") = "base", "base-libs\vcproj\dynamic\base\base.vcxproj", "{34B7C3F3-324A-4370-963E-8725DF78C145}"
EndProject
Project("{9A19103F-16F7-4668-BE54-9A1E7A4F7556}") = "AnnotationTool.Resources", "AnnotationTool.Resources\AnnotationTool.Resources.csproj", "{1C6FF319-3F34-4675-8724-F87A1B77ED9E}"
EndProject
Global
	GlobalSection(SolutionConfigurationPlatforms) = preSolution
		Debug|x64 = Debug|x64
		Release|x64 = Release|x64
	EndGlobalSection
	GlobalSection(ProjectConfigurationPlatforms) = postSolution
		{BF7E4011-71B3-4BDB-9B7D-B8858A0D7330}.Debug|x64.ActiveCfg = Debug|Any CPU
		{BF7E4011-71B3-4BDB-9B7D-B8858A0D7330}.Debug|x64.Build.0 = Debug|Any CPU
		{BF7E4011-71B3-4BDB-9B7D-B8858A0D7330}.Release|x64.ActiveCfg = Release|Any CPU
		{BF7E4011-71B3-4BDB-9B7D-B8858A0D7330}.Release|x64.Build.0 = Release|Any CPU
		{55054A5B-4921-4473-B968-8F7790F89028}.Debug|x64.ActiveCfg = Debug|x64
		{55054A5B-4921-4473-B968-8F7790F89028}.Debug|x64.Build.0 = Debug|x64
		{55054A5B-4921-4473-B968-8F7790F89028}.Release|x64.ActiveCfg = Release|x64
		{55054A5B-4921-4473-B968-8F7790F89028}.Release|x64.Build.0 = Release|x64
		{0648DA17-FC38-43AC-9C51-99CD61D46B94}.Debug|x64.ActiveCfg = Debug|x64
		{0648DA17-FC38-43AC-9C51-99CD61D46B94}.Debug|x64.Build.0 = Debug|x64
		{0648DA17-FC38-43AC-9C51-99CD61D46B94}.Release|x64.ActiveCfg = Release|x64
		{0648DA17-FC38-43AC-9C51-99CD61D46B94}.Release|x64.Build.0 = Release|x64
		{D2AFA27B-73B6-486D-9D41-DBCC8AEE22D3}.Debug|x64.ActiveCfg = Debug|x64
		{D2AFA27B-73B6-486D-9D41-DBCC8AEE22D3}.Debug|x64.Build.0 = Debug|x64
		{D2AFA27B-73B6-486D-9D41-DBCC8AEE22D3}.Release|x64.ActiveCfg = Release|x64
		{D2AFA27B-73B6-486D-9D41-DBCC8AEE22D3}.Release|x64.Build.0 = Release|x64
		{80B3A2D9-08CE-478A-8130-40D7A78E9C26}.Debug|x64.ActiveCfg = Debug|x64
		{80B3A2D9-08CE-478A-8130-40D7A78E9C26}.Debug|x64.Build.0 = Debug|x64
		{80B3A2D9-08CE-478A-8130-40D7A78E9C26}.Release|x64.ActiveCfg = Release|x64
		{80B3A2D9-08CE-478A-8130-40D7A78E9C26}.Release|x64.Build.0 = Release|x64
		{4635186D-963A-4406-BC4F-6701E6E79674}.Debug|x64.ActiveCfg = Debug|Any CPU
		{4635186D-963A-4406-BC4F-6701E6E79674}.Debug|x64.Build.0 = Debug|Any CPU
		{4635186D-963A-4406-BC4F-6701E6E79674}.Release|x64.ActiveCfg = Release|Any CPU
		{4635186D-963A-4406-BC4F-6701E6E79674}.Release|x64.Build.0 = Release|Any CPU
		{CE12F411-79CC-44B0-878E-14E695BD30B3}.Debug|x64.ActiveCfg = Debug|Any CPU
		{CE12F411-79CC-44B0-878E-14E695BD30B3}.Debug|x64.Build.0 = Debug|Any CPU
		{CE12F411-79CC-44B0-878E-14E695BD30B3}.Release|x64.ActiveCfg = Release|Any CPU
		{CE12F411-79CC-44B0-878E-14E695BD30B3}.Release|x64.Build.0 = Release|Any CPU
		{DD05E230-EB4D-4507-93F7-E3A3BA7E8E7E}.Debug|x64.ActiveCfg = Debug|x64
		{DD05E230-EB4D-4507-93F7-E3A3BA7E8E7E}.Debug|x64.Build.0 = Debug|x64
		{DD05E230-EB4D-4507-93F7-E3A3BA7E8E7E}.Release|x64.ActiveCfg = Release|x64
		{DD05E230-EB4D-4507-93F7-E3A3BA7E8E7E}.Release|x64.Build.0 = Release|x64
		{34B7C3F3-324A-4370-963E-8725DF78C145}.Debug|x64.ActiveCfg = Debug|x64
		{34B7C3F3-324A-4370-963E-8725DF78C145}.Debug|x64.Build.0 = Debug|x64
		{34B7C3F3-324A-4370-963E-8725DF78C145}.Release|x64.ActiveCfg = Release|x64
		{34B7C3F3-324A-4370-963E-8725DF78C145}.Release|x64.Build.0 = Release|x64
		{1C6FF319-3F34-4675-8724-F87A1B77ED9E}.Debug|x64.ActiveCfg = Debug|Any CPU
		{1C6FF319-3F34-4675-8724-F87A1B77ED9E}.Debug|x64.Build.0 = Debug|Any CPU
		{1C6FF319-3F34-4675-8724-F87A1B77ED9E}.Release|x64.ActiveCfg = Release|Any CPU
		{1C6FF319-3F34-4675-8724-F87A1B77ED9E}.Release|x64.Build.0 = Release|Any CPU
	EndGlobalSection
	GlobalSection(SolutionProperties) = preSolution
		HideSolutionNode = FALSE
	EndGlobalSection
	GlobalSection(NestedProjects) = preSolution
		{0648DA17-FC38-43AC-9C51-99CD61D46B94} = {7EC75B4A-CB7F-43B9-BA96-4C1885F30290}
		{DD05E230-EB4D-4507-93F7-E3A3BA7E8E7E} = {7EC75B4A-CB7F-43B9-BA96-4C1885F30290}
		{34B7C3F3-324A-4370-963E-8725DF78C145} = {7EC75B4A-CB7F-43B9-BA96-4C1885F30290}
	EndGlobalSection
	GlobalSection(ExtensibilityGlobals) = postSolution
		SolutionGuid = {1D08D2BA-40E3-4C48-A0E1-E9E7AD020815}
	EndGlobalSection
EndGlobal
